
Microsoft Visual Studio Solution File, Format Version 12.00
# Visual Studio Version 17
VisualStudioVersion = 17.6.33815.320
MinimumVisualStudioVersion = 10.0.40219.1
Project("{FAE04EC0-301F-11D3-BF4B-00C04F79EFBC}") = "Demo.API", "Demo.API\Demo.API.csproj", "{222B9114-3A4A-40BE-9940-56511C6EE0C5}"
EndProject
Global
	GlobalSection(SolutionConfigurationPlatforms) = preSolution
		Debug|Any CPU = Debug|Any CPU
		Release|Any CPU = Release|Any CPU
	EndGlobalSection
	GlobalSection(ProjectConfigurationPlatforms) = postSolution
		{222B9114-3A4A-40BE-9940-56511C6EE0C5}.Debug|Any CPU.ActiveCfg = Debug|Any CPU
		{222B9114-3A4A-40BE-9940-56511C6EE0C5}.Debug|Any CPU.Build.0 = Debug|Any CPU
		{222B9114-3A4A-40BE-9940-56511C6EE0C5}.Release|Any CPU.ActiveCfg = Release|Any CPU
		{222B9114-3A4A-40BE-9940-56511C6EE0C5}.Release|Any CPU.Build.0 = Release|Any CPU
	EndGlobalSection
	GlobalSection(SolutionProperties) = preSolution
		HideSolutionNode = FALSE
	EndGlobalSection
	GlobalSection(ExtensibilityGlobals) = postSolution
		SolutionGuid = {74A216FB-000B-4C5F-8C62-0C70FEB4CFC4}
	EndGlobalSection
EndGlobal
